// !$*UTF8*$!
{
	archiveVersion = 1;
	classes = {
	};
	objectVersion = 55;
	objects = {

/* Begin PBXBuildFile section */
		8D318ABD27DA0A530085F3FE /* AppDelegate.swift in Sources */ = {isa = PBXBuildFile; fileRef = 8D318ABC27DA0A530085F3FE /* AppDelegate.swift */; };
		8D318ABF27DA0A530085F3FE /* SceneDelegate.swift in Sources */ = {isa = PBXBuildFile; fileRef = 8D318ABE27DA0A530085F3FE /* SceneDelegate.swift */; };
		8D318AC127DA0A530085F3FE /* ViewController.swift in Sources */ = {isa = PBXBuildFile; fileRef = 8D318AC027DA0A530085F3FE /* ViewController.swift */; };
		8D318AC427DA0A530085F3FE /* Main.storyboard in Resources */ = {isa = PBXBuildFile; fileRef = 8D318AC227DA0A530085F3FE /* Main.storyboard */; };
		8D318AC627DA0A540085F3FE /* Assets.xcassets in Resources */ = {isa = PBXBuildFile; fileRef = 8D318AC527DA0A540085F3FE /* Assets.xcassets */; };
		8D318AC927DA0A540085F3FE /* LaunchScreen.storyboard in Resources */ = {isa = PBXBuildFile; fileRef = 8D318AC727DA0A540085F3FE /* LaunchScreen.storyboard */; };
		8D318AD427DA0A540085F3FE /* Movie4UTests.swift in Sources */ = {isa = PBXBuildFile; fileRef = 8D318AD327DA0A540085F3FE /* Movie4UTests.swift */; };
		8D318ADE27DA0A540085F3FE /* Movie4UUITests.swift in Sources */ = {isa = PBXBuildFile; fileRef = 8D318ADD27DA0A540085F3FE /* Movie4UUITests.swift */; };
		8D318AE027DA0A540085F3FE /* Movie4UUITestsLaunchTests.swift in Sources */ = {isa = PBXBuildFile; fileRef = 8D318ADF27DA0A540085F3FE /* Movie4UUITestsLaunchTests.swift */; };
/* End PBXBuildFile section */

/* Begin PBXContainerItemProxy section */
		8D318AD027DA0A540085F3FE /* PBXContainerItemProxy */ = {
			isa = PBXContainerItemProxy;
			containerPortal = 8D318AB127DA0A530085F3FE /* Project object */;
			proxyType = 1;
			remoteGlobalIDString = 8D318AB827DA0A530085F3FE;
			remoteInfo = Movie4U;
		};
		8D318ADA27DA0A540085F3FE /* PBXContainerItemProxy */ = {
			isa = PBXContainerItemProxy;
			containerPortal = 8D318AB127DA0A530085F3FE /* Project object */;
			proxyType = 1;
			remoteGlobalIDString = 8D318AB827DA0A530085F3FE;
			remoteInfo = Movie4U;
		};
/* End PBXContainerItemProxy section */

/* Begin PBXFileReference section */
		8D318AB927DA0A530085F3FE /* Movie4U.app */ = {isa = PBXFileReference; explicitFileType = wrapper.application; includeInIndex = 0; path = Movie4U.app; sourceTree = BUILT_PRODUCTS_DIR; };
		8D318ABC27DA0A530085F3FE /* AppDelegate.swift */ = {isa = PBXFileReference; lastKnownFileType = sourcecode.swift; path = AppDelegate.swift; sourceTree = "<group>"; };
		8D318ABE27DA0A530085F3FE /* SceneDelegate.swift */ = {isa = PBXFileReference; lastKnownFileType = sourcecode.swift; path = SceneDelegate.swift; sourceTree = "<group>"; };
		8D318AC027DA0A530085F3FE /* ViewController.swift */ = {isa = PBXFileReference; lastKnownFileType = sourcecode.swift; path = ViewController.swift; sourceTree = "<group>"; };
		8D318AC327DA0A530085F3FE /* Base */ = {isa = PBXFileReference; lastKnownFileType = file.storyboard; name = Base; path = Base.lproj/Main.storyboard; sourceTree = "<group>"; };
		8D318AC527DA0A540085F3FE /* Assets.xcassets */ = {isa = PBXFileReference; lastKnownFileType = folder.assetcatalog; path = Assets.xcassets; sourceTree = "<group>"; };
		8D318AC827DA0A540085F3FE /* Base */ = {isa = PBXFileReference; lastKnownFileType = file.storyboard; name = Base; path = Base.lproj/LaunchScreen.storyboard; sourceTree = "<group>"; };
		8D318ACA27DA0A540085F3FE /* Info.plist */ = {isa = PBXFileReference; lastKnownFileType = text.plist.xml; path = Info.plist; sourceTree = "<group>"; };
		8D318ACF27DA0A540085F3FE /* Movie4UTests.xctest */ = {isa = PBXFileReference; explicitFileType = wrapper.cfbundle; includeInIndex = 0; path = Movie4UTests.xctest; sourceTree = BUILT_PRODUCTS_DIR; };
		8D318AD327DA0A540085F3FE /* Movie4UTests.swift */ = {isa = PBXFileReference; lastKnownFileType = sourcecode.swift; path = Movie4UTests.swift; sourceTree = "<group>"; };
		8D318AD927DA0A540085F3FE /* Movie4UUITests.xctest */ = {isa = PBXFileReference; explicitFileType = wrapper.cfbundle; includeInIndex = 0; path = Movie4UUITests.xctest; sourceTree = BUILT_PRODUCTS_DIR; };
		8D318ADD27DA0A540085F3FE /* Movie4UUITests.swift */ = {isa = PBXFileReference; lastKnownFileType = sourcecode.swift; path = Movie4UUITests.swift; sourceTree = "<group>"; };
		8D318ADF27DA0A540085F3FE /* Movie4UUITestsLaunchTests.swift */ = {isa = PBXFileReference; lastKnownFileType = sourcecode.swift; path = Movie4UUITestsLaunchTests.swift; sourceTree = "<group>"; };
/* End PBXFileReference section */

/* Begin PBXFrameworksBuildPhase section */
		8D318AB627DA0A530085F3FE /* Frameworks */ = {
			isa = PBXFrameworksBuildPhase;
			buildActionMask = 2147483647;
			files = (
			);
			runOnlyForDeploymentPostprocessing = 0;
		};
		8D318ACC27DA0A540085F3FE /* Frameworks */ = {
			isa = PBXFrameworksBuildPhase;
			buildActionMask = 2147483647;
			files = (
			);
			runOnlyForDeploymentPostprocessing = 0;
		};
		8D318AD627DA0A540085F3FE /* Frameworks */ = {
			isa = PBXFrameworksBuildPhase;
			buildActionMask = 2147483647;
			files = (
			);
			runOnlyForDeploymentPostprocessing = 0;
		};
/* End PBXFrameworksBuildPhase section */

/* Begin PBXGroup section */
		8D318AB027DA0A530085F3FE = {
			isa = PBXGroup;
			children = (
				8D318ABB27DA0A530085F3FE /* Movie4U */,
				8D318AD227DA0A540085F3FE /* Movie4UTests */,
				8D318ADC27DA0A540085F3FE /* Movie4UUITests */,
				8D318ABA27DA0A530085F3FE /* Products */,
			);
			sourceTree = "<group>";
		};
		8D318ABA27DA0A530085F3FE /* Products */ = {
			isa = PBXGroup;
			children = (
				8D318AB927DA0A530085F3FE /* Movie4U.app */,
				8D318ACF27DA0A540085F3FE /* Movie4UTests.xctest */,
				8D318AD927DA0A540085F3FE /* Movie4UUITests.xctest */,
			);
			name = Products;
			sourceTree = "<group>";
		};
		8D318ABB27DA0A530085F3FE /* Movie4U */ = {
			isa = PBXGroup;
			children = (
				8D318ABC27DA0A530085F3FE /* AppDelegate.swift */,
				8D318ABE27DA0A530085F3FE /* SceneDelegate.swift */,
				8D318AC027DA0A530085F3FE /* ViewController.swift */,
				8D318AC227DA0A530085F3FE /* Main.storyboard */,
				8D318AC527DA0A540085F3FE /* Assets.xcassets */,
				8D318AC727DA0A540085F3FE /* LaunchScreen.storyboard */,
				8D318ACA27DA0A540085F3FE /* Info.plist */,
			);
			path = Movie4U;
			sourceTree = "<group>";
		};
		8D318AD227DA0A540085F3FE /* Movie4UTests */ = {
			isa = PBXGroup;
			children = (
				8D318AD327DA0A540085F3FE /* Movie4UTests.swift */,
			);
			path = Movie4UTests;
			sourceTree = "<group>";
		};
		8D318ADC27DA0A540085F3FE /* Movie4UUITests */ = {
			isa = PBXGroup;
			children = (
				8D318ADD27DA0A540085F3FE /* Movie4UUITests.swift */,
				8D318ADF27DA0A540085F3FE /* Movie4UUITestsLaunchTests.swift */,
			);
			path = Movie4UUITests;
			sourceTree = "<group>";
		};
/* End PBXGroup section */

/* Begin PBXNativeTarget section */
		8D318AB827DA0A530085F3FE /* Movie4U */ = {
			isa = PBXNativeTarget;
			buildConfigurationList = 8D318AE327DA0A540085F3FE /* Build configuration list for PBXNativeTarget "Movie4U" */;
			buildPhases = (
				8D318AB527DA0A530085F3FE /* Sources */,
				8D318AB627DA0A530085F3FE /* Frameworks */,
				8D318AB727DA0A530085F3FE /* Resources */,
			);
			buildRules = (
			);
			dependencies = (
			);
			name = Movie4U;
			productName = Movie4U;
			productReference = 8D318AB927DA0A530085F3FE /* Movie4U.app */;
			productType = "com.apple.product-type.application";
		};
		8D318ACE27DA0A540085F3FE /* Movie4UTests */ = {
			isa = PBXNativeTarget;
			buildConfigurationList = 8D318AE627DA0A540085F3FE /* Build configuration list for PBXNativeTarget "Movie4UTests" */;
			buildPhases = (
				8D318ACB27DA0A540085F3FE /* Sources */,
				8D318ACC27DA0A540085F3FE /* Frameworks */,
				8D318ACD27DA0A540085F3FE /* Resources */,
			);
			buildRules = (
			);
			dependencies = (
				8D318AD127DA0A540085F3FE /* PBXTargetDependency */,
			);
			name = Movie4UTests;
			productName = Movie4UTests;
			productReference = 8D318ACF27DA0A540085F3FE /* Movie4UTests.xctest */;
			productType = "com.apple.product-type.bundle.unit-test";
		};
		8D318AD827DA0A540085F3FE /* Movie4UUITests */ = {
			isa = PBXNativeTarget;
			buildConfigurationList = 8D318AE927DA0A540085F3FE /* Build configuration list for PBXNativeTarget "Movie4UUITests" */;
			buildPhases = (
				8D318AD527DA0A540085F3FE /* Sources */,
				8D318AD627DA0A540085F3FE /* Frameworks */,
				8D318AD727DA0A540085F3FE /* Resources */,
			);
			buildRules = (
			);
			dependencies = (
				8D318ADB27DA0A540085F3FE /* PBXTargetDependency */,
			);
			name = Movie4UUITests;
			productName = Movie4UUITests;
			productReference = 8D318AD927DA0A540085F3FE /* Movie4UUITests.xctest */;
			productType = "com.apple.product-type.bundle.ui-testing";
		};
/* End PBXNativeTarget section */

/* Begin PBXProject section */
		8D318AB127DA0A530085F3FE /* Project object */ = {
			isa = PBXProject;
			attributes = {
				BuildIndependentTargetsInParallel = 1;
				LastSwiftUpdateCheck = 1320;
				LastUpgradeCheck = 1320;
				TargetAttributes = {
					8D318AB827DA0A530085F3FE = {
						CreatedOnToolsVersion = 13.2.1;
					};
					8D318ACE27DA0A540085F3FE = {
						CreatedOnToolsVersion = 13.2.1;
						TestTargetID = 8D318AB827DA0A530085F3FE;
					};
					8D318AD827DA0A540085F3FE = {
						CreatedOnToolsVersion = 13.2.1;
						TestTargetID = 8D318AB827DA0A530085F3FE;
					};
				};
			};
			buildConfigurationList = 8D318AB427DA0A530085F3FE /* Build configuration list for PBXProject "Movie4U" */;
			compatibilityVersion = "Xcode 13.0";
			developmentRegion = en;
			hasScannedForEncodings = 0;
			knownRegions = (
				en,
				Base,
			);
			mainGroup = 8D318AB027DA0A530085F3FE;
			productRefGroup = 8D318ABA27DA0A530085F3FE /* Products */;
			projectDirPath = "";
			projectRoot = "";
			targets = (
				8D318AB827DA0A530085F3FE /* Movie4U */,
				8D318ACE27DA0A540085F3FE /* Movie4UTests */,
				8D318AD827DA0A540085F3FE /* Movie4UUITests */,
			);
		};
/* End PBXProject section */

/* Begin PBXResourcesBuildPhase section */
		8D318AB727DA0A530085F3FE /* Resources */ = {
			isa = PBXResourcesBuildPhase;
			buildActionMask = 2147483647;
			files = (
				8D318AC927DA0A540085F3FE /* LaunchScreen.storyboard in Resources */,
				8D318AC627DA0A540085F3FE /* Assets.xcassets in Resources */,
				8D318AC427DA0A530085F3FE /* Main.storyboard in Resources */,
			);
			runOnlyForDeploymentPostprocessing = 0;
		};
		8D318ACD27DA0A540085F3FE /* Resources */ = {
			isa = PBXResourcesBuildPhase;
			buildActionMask = 2147483647;
			files = (
			);
			runOnlyForDeploymentPostprocessing = 0;
		};
		8D318AD727DA0A540085F3FE /* Resources */ = {
			isa = PBXResourcesBuildPhase;
			buildActionMask = 2147483647;
			files = (
			);
			runOnlyForDeploymentPostprocessing = 0;
		};
/* End PBXResourcesBuildPhase section */

/* Begin PBXSourcesBuildPhase section */
		8D318AB527DA0A530085F3FE /* Sources */ = {
			isa = PBXSourcesBuildPhase;
			buildActionMask = 2147483647;
			files = (
				8D318AC127DA0A530085F3FE /* ViewController.swift in Sources */,
				8D318ABD27DA0A530085F3FE /* AppDelegate.swift in Sources */,
				8D318ABF27DA0A530085F3FE /* SceneDelegate.swift in Sources */,
			);
			runOnlyForDeploymentPostprocessing = 0;
		};
		8D318ACB27DA0A540085F3FE /* Sources */ = {
			isa = PBXSourcesBuildPhase;
			buildActionMask = 2147483647;
			files = (
				8D318AD427DA0A540085F3FE /* Movie4UTests.swift in Sources */,
			);
			runOnlyForDeploymentPostprocessing = 0;
		};
		8D318AD527DA0A540085F3FE /* Sources */ = {
			isa = PBXSourcesBuildPhase;
			buildActionMask = 2147483647;
			files = (
				8D318AE027DA0A540085F3FE /* Movie4UUITestsLaunchTests.swift in Sources */,
				8D318ADE27DA0A540085F3FE /* Movie4UUITests.swift in Sources */,
			);
			runOnlyForDeploymentPostprocessing = 0;
		};
/* End PBXSourcesBuildPhase section */

/* Begin PBXTargetDependency section */
		8D318AD127DA0A540085F3FE /* PBXTargetDependency */ = {
			isa = PBXTargetDependency;
			target = 8D318AB827DA0A530085F3FE /* Movie4U */;
			targetProxy = 8D318AD027DA0A540085F3FE /* PBXContainerItemProxy */;
		};
		8D318ADB27DA0A540085F3FE /* PBXTargetDependency */ = {
			isa = PBXTargetDependency;
			target = 8D318AB827DA0A530085F3FE /* Movie4U */;
			targetProxy = 8D318ADA27DA0A540085F3FE /* PBXContainerItemProxy */;
		};
/* End PBXTargetDependency section */

/* Begin PBXVariantGroup section */
		8D318AC227DA0A530085F3FE /* Main.storyboard */ = {
			isa = PBXVariantGroup;
			children = (
				8D318AC327DA0A530085F3FE /* Base */,
			);
			name = Main.storyboard;
			sourceTree = "<group>";
		};
		8D318AC727DA0A540085F3FE /* LaunchScreen.storyboard */ = {
			isa = PBXVariantGroup;
			children = (
				8D318AC827DA0A540085F3FE /* Base */,
			);
			name = LaunchScreen.storyboard;
			sourceTree = "<group>";
		};
/* End PBXVariantGroup section */

/* Begin XCBuildConfiguration section */
		8D318AE127DA0A540085F3FE /* Debug */ = {
			isa = XCBuildConfiguration;
			buildSettings = {
				ALWAYS_SEARCH_USER_PATHS = NO;
				CLANG_ANALYZER_NONNULL = YES;
				CLANG_ANALYZER_NUMBER_OBJECT_CONVERSION = YES_AGGRESSIVE;
				CLANG_CXX_LANGUAGE_STANDARD = "gnu++17";
				CLANG_CXX_LIBRARY = "libc++";
				CLANG_ENABLE_MODULES = YES;
				CLANG_ENABLE_OBJC_ARC = YES;
				CLANG_ENABLE_OBJC_WEAK = YES;
				CLANG_WARN_BLOCK_CAPTURE_AUTORELEASING = YES;
				CLANG_WARN_BOOL_CONVERSION = YES;
				CLANG_WARN_COMMA = YES;
				CLANG_WARN_CONSTANT_CONVERSION = YES;
				CLANG_WARN_DEPRECATED_OBJC_IMPLEMENTATIONS = YES;
				CLANG_WARN_DIRECT_OBJC_ISA_USAGE = YES_ERROR;
				CLANG_WARN_DOCUMENTATION_COMMENTS = YES;
				CLANG_WARN_EMPTY_BODY = YES;
				CLANG_WARN_ENUM_CONVERSION = YES;
				CLANG_WARN_INFINITE_RECURSION = YES;
				CLANG_WARN_INT_CONVERSION = YES;
				CLANG_WARN_NON_LITERAL_NULL_CONVERSION = YES;
				CLANG_WARN_OBJC_IMPLICIT_RETAIN_SELF = YES;
				CLANG_WARN_OBJC_LITERAL_CONVERSION = YES;
				CLANG_WARN_OBJC_ROOT_CLASS = YES_ERROR;
				CLANG_WARN_QUOTED_INCLUDE_IN_FRAMEWORK_HEADER = YES;
				CLANG_WARN_RANGE_LOOP_ANALYSIS = YES;
				CLANG_WARN_STRICT_PROTOTYPES = YES;
				CLANG_WARN_SUSPICIOUS_MOVE = YES;
				CLANG_WARN_UNGUARDED_AVAILABILITY = YES_AGGRESSIVE;
				CLANG_WARN_UNREACHABLE_CODE = YES;
				CLANG_WARN__DUPLICATE_METHOD_MATCH = YES;
				COPY_PHASE_STRIP = NO;
				DEBUG_INFORMATION_FORMAT = dwarf;
				ENABLE_STRICT_OBJC_MSGSEND = YES;
				ENABLE_TESTABILITY = YES;
				GCC_C_LANGUAGE_STANDARD = gnu11;
				GCC_DYNAMIC_NO_PIC = NO;
				GCC_NO_COMMON_BLOCKS = YES;
				GCC_OPTIMIZATION_LEVEL = 0;
				GCC_PREPROCESSOR_DEFINITIONS = (
					"DEBUG=1",
					"$(inherited)",
				);
				GCC_WARN_64_TO_32_BIT_CONVERSION = YES;
				GCC_WARN_ABOUT_RETURN_TYPE = YES_ERROR;
				GCC_WARN_UNDECLARED_SELECTOR = YES;
				GCC_WARN_UNINITIALIZED_AUTOS = YES_AGGRESSIVE;
				GCC_WARN_UNUSED_FUNCTION = YES;
				GCC_WARN_UNUSED_VARIABLE = YES;
				IPHONEOS_DEPLOYMENT_TARGET = 15.2;
				MTL_ENABLE_DEBUG_INFO = INCLUDE_SOURCE;
				MTL_FAST_MATH = YES;
				ONLY_ACTIVE_ARCH = YES;
				SDKROOT = iphoneos;
				SWIFT_ACTIVE_COMPILATION_CONDITIONS = DEBUG;
				SWIFT_OPTIMIZATION_LEVEL = "-Onone";
			};
			name = Debug;
		};
		8D318AE227DA0A540085F3FE /* Release */ = {
			isa = XCBuildConfiguration;
			buildSettings = {
				ALWAYS_SEARCH_USER_PATHS = NO;
				CLANG_ANALYZER_NONNULL = YES;
				CLANG_ANALYZER_NUMBER_OBJECT_CONVERSION = YES_AGGRESSIVE;
				CLANG_CXX_LANGUAGE_STANDARD = "gnu++17";
				CLANG_CXX_LIBRARY = "libc++";
				CLANG_ENABLE_MODULES = YES;
				CLANG_ENABLE_OBJC_ARC = YES;
				CLANG_ENABLE_OBJC_WEAK = YES;
				CLANG_WARN_BLOCK_CAPTURE_AUTORELEASING = YES;
				CLANG_WARN_BOOL_CONVERSION = YES;
				CLANG_WARN_COMMA = YES;
				CLANG_WARN_CONSTANT_CONVERSION = YES;
				CLANG_WARN_DEPRECATED_OBJC_IMPLEMENTATIONS = YES;
				CLANG_WARN_DIRECT_OBJC_ISA_USAGE = YES_ERROR;
				CLANG_WARN_DOCUMENTATION_COMMENTS = YES;
				CLANG_WARN_EMPTY_BODY = YES;
				CLANG_WARN_ENUM_CONVERSION = YES;
				CLANG_WARN_INFINITE_RECURSION = YES;
				CLANG_WARN_INT_CONVERSION = YES;
				CLANG_WARN_NON_LITERAL_NULL_CONVERSION = YES;
				CLANG_WARN_OBJC_IMPLICIT_RETAIN_SELF = YES;
				CLANG_WARN_OBJC_LITERAL_CONVERSION = YES;
				CLANG_WARN_OBJC_ROOT_CLASS = YES_ERROR;
				CLANG_WARN_QUOTED_INCLUDE_IN_FRAMEWORK_HEADER = YES;
				CLANG_WARN_RANGE_LOOP_ANALYSIS = YES;
				CLANG_WARN_STRICT_PROTOTYPES = YES;
				CLANG_WARN_SUSPICIOUS_MOVE = YES;
				CLANG_WARN_UNGUARDED_AVAILABILITY = YES_AGGRESSIVE;
				CLANG_WARN_UNREACHABLE_CODE = YES;
				CLANG_WARN__DUPLICATE_METHOD_MATCH = YES;
				COPY_PHASE_STRIP = NO;
				DEBUG_INFORMATION_FORMAT = "dwarf-with-dsym";
				ENABLE_NS_ASSERTIONS = NO;
				ENABLE_STRICT_OBJC_MSGSEND = YES;
				GCC_C_LANGUAGE_STANDARD = gnu11;
				GCC_NO_COMMON_BLOCKS = YES;
				GCC_WARN_64_TO_32_BIT_CONVERSION = YES;
				GCC_WARN_ABOUT_RETURN_TYPE = YES_ERROR;
				GCC_WARN_UNDECLARED_SELECTOR = YES;
				GCC_WARN_UNINITIALIZED_AUTOS = YES_AGGRESSIVE;
				GCC_WARN_UNUSED_FUNCTION = YES;
				GCC_WARN_UNUSED_VARIABLE = YES;
				IPHONEOS_DEPLOYMENT_TARGET = 15.2;
				MTL_ENABLE_DEBUG_INFO = NO;
				MTL_FAST_MATH = YES;
				SDKROOT = iphoneos;
				SWIFT_COMPILATION_MODE = wholemodule;
				SWIFT_OPTIMIZATION_LEVEL = "-O";
				VALIDATE_PRODUCT = YES;
			};
			name = Release;
		};
		8D318AE427DA0A540085F3FE /* Debug */ = {
			isa = XCBuildConfiguration;
			buildSettings = {
				ASSETCATALOG_COMPILER_APPICON_NAME = AppIcon;
				ASSETCATALOG_COMPILER_GLOBAL_ACCENT_COLOR_NAME = AccentColor;
				CODE_SIGN_STYLE = Automatic;
				CURRENT_PROJECT_VERSION = 1;
				DEVELOPMENT_TEAM = 2Y875N92XQ;
				GENERATE_INFOPLIST_FILE = YES;
				INFOPLIST_FILE = Movie4U/Info.plist;
				INFOPLIST_KEY_UIApplicationSupportsIndirectInputEvents = YES;
				INFOPLIST_KEY_UILaunchStoryboardName = LaunchScreen;
				INFOPLIST_KEY_UIMainStoryboardFile = Main;
				INFOPLIST_KEY_UISupportedInterfaceOrientations_iPad = "UIInterfaceOrientationPortrait UIInterfaceOrientationPortraitUpsideDown UIInterfaceOrientationLandscapeLeft UIInterfaceOrientationLandscapeRight";
				INFOPLIST_KEY_UISupportedInterfaceOrientations_iPhone = "UIInterfaceOrientationPortrait UIInterfaceOrientationLandscapeLeft UIInterfaceOrientationLandscapeRight";
				IPHONEOS_DEPLOYMENT_TARGET = 14.0;
				LD_RUNPATH_SEARCH_PATHS = (
					"$(inherited)",
					"@executable_path/Frameworks",
				);
				MARKETING_VERSION = 1.0;
				PRODUCT_BUNDLE_IDENTIFIER = com.about.harish.Movie4U;
				PRODUCT_NAME = "$(TARGET_NAME)";
				SWIFT_EMIT_LOC_STRINGS = YES;
				SWIFT_VERSION = 5.0;
				TARGETED_DEVICE_FAMILY = "1,2";
			};
			name = Debug;
		};
		8D318AE527DA0A540085F3FE /* Release */ = {
			isa = XCBuildConfiguration;
			buildSettings = {
				ASSETCATALOG_COMPILER_APPICON_NAME = AppIcon;
				ASSETCATALOG_COMPILER_GLOBAL_ACCENT_COLOR_NAME = AccentColor;
				CODE_SIGN_STYLE = Automatic;
				CURRENT_PROJECT_VERSION = 1;
				DEVELOPMENT_TEAM = 2Y875N92XQ;
				GENERATE_INFOPLIST_FILE = YES;
				INFOPLIST_FILE = Movie4U/Info.plist;
				INFOPLIST_KEY_UIApplicationSupportsIndirectInputEvents = YES;
				INFOPLIST_KEY_UILaunchStoryboardName = LaunchScreen;
				INFOPLIST_KEY_UIMainStoryboardFile = Main;
				INFOPLIST_KEY_UISupportedInterfaceOrientations_iPad = "UIInterfaceOrientationPortrait UIInterfaceOrientationPortraitUpsideDown UIInterfaceOrientationLandscapeLeft UIInterfaceOrientationLandscapeRight";
				INFOPLIST_KEY_UISupportedInterfaceOrientations_iPhone = "UIInterfaceOrientationPortrait UIInterfaceOrientationLandscapeLeft UIInterfaceOrientationLandscapeRight";
				IPHONEOS_DEPLOYMENT_TARGET = 14.0;
				LD_RUNPATH_SEARCH_PATHS = (
					"$(inherited)",
					"@executable_path/Frameworks",
				);
				MARKETING_VERSION = 1.0;
				PRODUCT_BUNDLE_IDENTIFIER = com.about.harish.Movie4U;
				PRODUCT_NAME = "$(TARGET_NAME)";
				SWIFT_EMIT_LOC_STRINGS = YES;
				SWIFT_VERSION = 5.0;
				TARGETED_DEVICE_FAMILY = "1,2";
			};
			name = Release;
		};
		8D318AE727DA0A540085F3FE /* Debug */ = {
			isa = XCBuildConfiguration;
			buildSettings = {
				ALWAYS_EMBED_SWIFT_STANDARD_LIBRARIES = YES;
				BUNDLE_LOADER = "$(TEST_HOST)";
				CODE_SIGN_STYLE = Automatic;
				CURRENT_PROJECT_VERSION = 1;
				DEVELOPMENT_TEAM = 2Y875N92XQ;
				GENERATE_INFOPLIST_FILE = YES;
				IPHONEOS_DEPLOYMENT_TARGET = 15.2;
				MARKETING_VERSION = 1.0;
				PRODUCT_BUNDLE_IDENTIFIER = com.about.harish.Movie4UTests;
				PRODUCT_NAME = "$(TARGET_NAME)";
				SWIFT_EMIT_LOC_STRINGS = NO;
				SWIFT_VERSION = 5.0;
				TARGETED_DEVICE_FAMILY = "1,2";
				TEST_HOST = "$(BUILT_PRODUCTS_DIR)/Movie4U.app/Movie4U";
			};
			name = Debug;
		};
		8D318AE827DA0A540085F3FE /* Release */ = {
			isa = XCBuildConfiguration;
			buildSettings = {
				ALWAYS_EMBED_SWIFT_STANDARD_LIBRARIES = YES;
				BUNDLE_LOADER = "$(TEST_HOST)";
				CODE_SIGN_STYLE = Automatic;
				CURRENT_PROJECT_VERSION = 1;
				DEVELOPMENT_TEAM = 2Y875N92XQ;
				GENERATE_INFOPLIST_FILE = YES;
				IPHONEOS_DEPLOYMENT_TARGET = 15.2;
				MARKETING_VERSION = 1.0;
				PRODUCT_BUNDLE_IDENTIFIER = com.about.harish.Movie4UTests;
				PRODUCT_NAME = "$(TARGET_NAME)";
				SWIFT_EMIT_LOC_STRINGS = NO;
				SWIFT_VERSION = 5.0;
				TARGETED_DEVICE_FAMILY = "1,2";
				TEST_HOST = "$(BUILT_PRODUCTS_DIR)/Movie4U.app/Movie4U";
			};
			name = Release;
		};
		8D318AEA27DA0A540085F3FE /* Debug */ = {
			isa = XCBuildConfiguration;
			buildSettings = {
				ALWAYS_EMBED_SWIFT_STANDARD_LIBRARIES = YES;
				CODE_SIGN_STYLE = Automatic;
				CURRENT_PROJECT_VERSION = 1;
				DEVELOPMENT_TEAM = 2Y875N92XQ;
				GENERATE_INFOPLIST_FILE = YES;
				MARKETING_VERSION = 1.0;
				PRODUCT_BUNDLE_IDENTIFIER = com.about.harish.Movie4UUITests;
				PRODUCT_NAME = "$(TARGET_NAME)";
				SWIFT_EMIT_LOC_STRINGS = NO;
				SWIFT_VERSION = 5.0;
				TARGETED_DEVICE_FAMILY = "1,2";
				TEST_TARGET_NAME = Movie4U;
			};
			name = Debug;
		};
		8D318AEB27DA0A540085F3FE /* Release */ = {
			isa = XCBuildConfiguration;
			buildSettings = {
				ALWAYS_EMBED_SWIFT_STANDARD_LIBRARIES = YES;
				CODE_SIGN_STYLE = Automatic;
				CURRENT_PROJECT_VERSION = 1;
				DEVELOPMENT_TEAM = 2Y875N92XQ;
				GENERATE_INFOPLIST_FILE = YES;
				MARKETING_VERSION = 1.0;
				PRODUCT_BUNDLE_IDENTIFIER = com.about.harish.Movie4UUITests;
				PRODUCT_NAME = "$(TARGET_NAME)";
				SWIFT_EMIT_LOC_STRINGS = NO;
				SWIFT_VERSION = 5.0;
				TARGETED_DEVICE_FAMILY = "1,2";
				TEST_TARGET_NAME = Movie4U;
			};
			name = Release;
		};
/* End XCBuildConfiguration section */

/* Begin XCConfigurationList section */
		8D318AB427DA0A530085F3FE /* Build configuration list for PBXProject "Movie4U" */ = {
			isa = XCConfigurationList;
			buildConfigurations = (
				8D318AE127DA0A540085F3FE /* Debug */,
				8D318AE227DA0A540085F3FE /* Release */,
			);
			defaultConfigurationIsVisible = 0;
			defaultConfigurationName = Release;
		};
		8D318AE327DA0A540085F3FE /* Build configuration list for PBXNativeTarget "Movie4U" */ = {
			isa = XCConfigurationList;
			buildConfigurations = (
				8D318AE427DA0A540085F3FE /* Debug */,
				8D318AE527DA0A540085F3FE /* Release */,
			);
			defaultConfigurationIsVisible = 0;
			defaultConfigurationName = Release;
		};
		8D318AE627DA0A540085F3FE /* Build configuration list for PBXNativeTarget "Movie4UTests" */ = {
			isa = XCConfigurationList;
			buildConfigurations = (
				8D318AE727DA0A540085F3FE /* Debug */,
				8D318AE827DA0A540085F3FE /* Release */,
			);
			defaultConfigurationIsVisible = 0;
			defaultConfigurationName = Release;
		};
		8D318AE927DA0A540085F3FE /* Build configuration list for PBXNativeTarget "Movie4UUITests" */ = {
			isa = XCConfigurationList;
			buildConfigurations = (
				8D318AEA27DA0A540085F3FE /* Debug */,
				8D318AEB27DA0A540085F3FE /* Release */,
			);
			defaultConfigurationIsVisible = 0;
			defaultConfigurationName = Release;
		};
/* End XCConfigurationList section */
	};
	rootObject = 8D318AB127DA0A530085F3FE /* Project object */;
}
